// !$*UTF8*$!
{
	archiveVersion = 1;
	classes = {
	};
	objectVersion = 77;
	objects = {

/* Begin PBXBuildFile section */
		09F6751B2DD7F61F00503FAD /* MSAL.framework in Frameworks */ = {isa = PBXBuildFile; fileRef = 09F675152DD7EA4D00503FAD /* MSAL.framework */; };
		09F6751C2DD7F61F00503FAD /* MSAL.framework in Embed Frameworks */ = {isa = PBXBuildFile; fileRef = 09F675152DD7EA4D00503FAD /* MSAL.framework */; settings = {ATTRIBUTES = (RemoveHeadersOnCopy, ); }; };
		09F6751E2DD7F62200503FAD /* Pods_PSSODeviceIdQueryObjCApp.framework in Frameworks */ = {isa = PBXBuildFile; fileRef = 7115E4753B4F4086EB44A2F9 /* Pods_PSSODeviceIdQueryObjCApp.framework */; };
		09F6751F2DD7F62200503FAD /* Pods_PSSODeviceIdQueryObjCApp.framework in Embed Frameworks */ = {isa = PBXBuildFile; fileRef = 7115E4753B4F4086EB44A2F9 /* Pods_PSSODeviceIdQueryObjCApp.framework */; settings = {ATTRIBUTES = (RemoveHeadersOnCopy, ); }; };
/* End PBXBuildFile section */

/* Begin PBXCopyFilesBuildPhase section */
		096BD03C2DD7C631005DF9BE /* CopyFiles */ = {
			isa = PBXCopyFilesBuildPhase;
			buildActionMask = 2147483647;
			dstPath = /usr/share/man/man1/;
			dstSubfolderSpec = 0;
			files = (
			);
			runOnlyForDeploymentPostprocessing = 1;
		};
		09F6751D2DD7F61F00503FAD /* Embed Frameworks */ = {
			isa = PBXCopyFilesBuildPhase;
			buildActionMask = 2147483647;
			dstPath = "";
			dstSubfolderSpec = 10;
			files = (
				09F6751C2DD7F61F00503FAD /* MSAL.framework in Embed Frameworks */,
				09F6751F2DD7F62200503FAD /* Pods_PSSODeviceIdQueryObjCApp.framework in Embed Frameworks */,
			);
			name = "Embed Frameworks";
			runOnlyForDeploymentPostprocessing = 0;
		};
/* End PBXCopyFilesBuildPhase section */

/* Begin PBXFileReference section */
		096BD03E2DD7C631005DF9BE /* PSSODeviceIdQueryObjCApp */ = {isa = PBXFileReference; explicitFileType = "compiled.mach-o.executable"; includeInIndex = 0; name = PSSODeviceIdQueryObjCApp; path = /Users/miepping/Github/PSSODeviceIdQueryObjCApp/build/Debug/PSSODeviceIdQueryObjCApp; sourceTree = "<absolute>"; };
		09F675152DD7EA4D00503FAD /* MSAL.framework */ = {isa = PBXFileReference; explicitFileType = wrapper.framework; path = MSAL.framework; sourceTree = BUILT_PRODUCTS_DIR; };
		7115E4753B4F4086EB44A2F9 /* Pods_PSSODeviceIdQueryObjCApp.framework */ = {isa = PBXFileReference; explicitFileType = wrapper.framework; includeInIndex = 0; path = Pods_PSSODeviceIdQueryObjCApp.framework; sourceTree = BUILT_PRODUCTS_DIR; };
		8B01AA602C8CCD38A2364644 /* Pods-PSSODeviceIdQueryObjCApp.debug.xcconfig */ = {isa = PBXFileReference; includeInIndex = 1; lastKnownFileType = text.xcconfig; name = "Pods-PSSODeviceIdQueryObjCApp.debug.xcconfig"; path = "Target Support Files/Pods-PSSODeviceIdQueryObjCApp/Pods-PSSODeviceIdQueryObjCApp.debug.xcconfig"; sourceTree = "<group>"; };
		E8A31327B76E8F5108B713A7 /* Pods-PSSODeviceIdQueryObjCApp.release.xcconfig */ = {isa = PBXFileReference; includeInIndex = 1; lastKnownFileType = text.xcconfig; name = "Pods-PSSODeviceIdQueryObjCApp.release.xcconfig"; path = "Target Support Files/Pods-PSSODeviceIdQueryObjCApp/Pods-PSSODeviceIdQueryObjCApp.release.xcconfig"; sourceTree = "<group>"; };
/* End PBXFileReference section */

/* Begin PBXFileSystemSynchronizedRootGroup section */
		096BD0402DD7C631005DF9BE /* PSSODeviceIdQueryObjCApp */ = {
			isa = PBXFileSystemSynchronizedRootGroup;
			path = PSSODeviceIdQueryObjCApp;
			sourceTree = "<group>";
		};
/* End PBXFileSystemSynchronizedRootGroup section */

/* Begin PBXFrameworksBuildPhase section */
		096BD03B2DD7C631005DF9BE /* Frameworks */ = {
			isa = PBXFrameworksBuildPhase;
			buildActionMask = 2147483647;
			files = (
				09F6751B2DD7F61F00503FAD /* MSAL.framework in Frameworks */,
				09F6751E2DD7F62200503FAD /* Pods_PSSODeviceIdQueryObjCApp.framework in Frameworks */,
			);
			runOnlyForDeploymentPostprocessing = 0;
		};
/* End PBXFrameworksBuildPhase section */

/* Begin PBXGroup section */
		096BD0352DD7C630005DF9BE = {
			isa = PBXGroup;
			children = (
				096BD0402DD7C631005DF9BE /* PSSODeviceIdQueryObjCApp */,
				096BD03F2DD7C631005DF9BE /* Products */,
				AFCCF9EB882F5AEE4888D1DE /* Pods */,
				955583083F4CB6B3CF2495D0 /* Frameworks */,
			);
			sourceTree = "<group>";
		};
		096BD03F2DD7C631005DF9BE /* Products */ = {
			isa = PBXGroup;
			children = (
			);
			name = Products;
			sourceTree = "<group>";
		};
		955583083F4CB6B3CF2495D0 /* Frameworks */ = {
			isa = PBXGroup;
			children = (
				09F675152DD7EA4D00503FAD /* MSAL.framework */,
				7115E4753B4F4086EB44A2F9 /* Pods_PSSODeviceIdQueryObjCApp.framework */,
			);
			name = Frameworks;
			sourceTree = "<group>";
		};
		AFCCF9EB882F5AEE4888D1DE /* Pods */ = {
			isa = PBXGroup;
			children = (
				8B01AA602C8CCD38A2364644 /* Pods-PSSODeviceIdQueryObjCApp.debug.xcconfig */,
				E8A31327B76E8F5108B713A7 /* Pods-PSSODeviceIdQueryObjCApp.release.xcconfig */,
			);
			path = Pods;
			sourceTree = "<group>";
		};
/* End PBXGroup section */

/* Begin PBXNativeTarget section */
		096BD03D2DD7C631005DF9BE /* PSSODeviceIdQueryObjCApp */ = {
			isa = PBXNativeTarget;
			buildConfigurationList = 096BD0452DD7C631005DF9BE /* Build configuration list for PBXNativeTarget "PSSODeviceIdQueryObjCApp" */;
			buildPhases = (
				EA7122869330BE63728194DE /* [CP] Check Pods Manifest.lock */,
				096BD03A2DD7C631005DF9BE /* Sources */,
				096BD03B2DD7C631005DF9BE /* Frameworks */,
				096BD03C2DD7C631005DF9BE /* CopyFiles */,
				09F6751D2DD7F61F00503FAD /* Embed Frameworks */,
			);
			buildRules = (
			);
			dependencies = (
			);
			fileSystemSynchronizedGroups = (
				096BD0402DD7C631005DF9BE /* PSSODeviceIdQueryObjCApp */,
			);
			name = PSSODeviceIdQueryObjCApp;
			productName = PSSODeviceIdQueryObjCApp;
			productReference = 096BD03E2DD7C631005DF9BE /* PSSODeviceIdQueryObjCApp */;
			productType = "com.apple.product-type.tool";
		};
/* End PBXNativeTarget section */

/* Begin PBXProject section */
		096BD0362DD7C630005DF9BE /* Project object */ = {
			isa = PBXProject;
			attributes = {
				BuildIndependentTargetsInParallel = 1;
				LastUpgradeCheck = 1630;
				TargetAttributes = {
					096BD03D2DD7C631005DF9BE = {
						CreatedOnToolsVersion = 16.3;
					};
				};
			};
			buildConfigurationList = 096BD0392DD7C630005DF9BE /* Build configuration list for PBXProject "PSSODeviceIdQueryObjCApp" */;
			developmentRegion = en;
			hasScannedForEncodings = 0;
			knownRegions = (
				en,
				Base,
			);
			mainGroup = 096BD0352DD7C630005DF9BE;
			minimizedProjectReferenceProxies = 1;
			preferredProjectObjectVersion = 77;
			productRefGroup = 096BD03F2DD7C631005DF9BE /* Products */;
			projectDirPath = "";
			projectRoot = "";
			targets = (
				096BD03D2DD7C631005DF9BE /* PSSODeviceIdQueryObjCApp */,
			);
		};
/* End PBXProject section */

/* Begin PBXShellScriptBuildPhase section */
		EA7122869330BE63728194DE /* [CP] Check Pods Manifest.lock */ = {
			isa = PBXShellScriptBuildPhase;
			buildActionMask = 2147483647;
			files = (
			);
			inputFileListPaths = (
			);
			inputPaths = (
				"${PODS_PODFILE_DIR_PATH}/Podfile.lock",
				"${PODS_ROOT}/Manifest.lock",
			);
			name = "[CP] Check Pods Manifest.lock";
			outputFileListPaths = (
			);
			outputPaths = (
				"$(DERIVED_FILE_DIR)/Pods-PSSODeviceIdQueryObjCApp-checkManifestLockResult.txt",
			);
			runOnlyForDeploymentPostprocessing = 0;
			shellPath = /bin/sh;
			shellScript = "diff \"${PODS_PODFILE_DIR_PATH}/Podfile.lock\" \"${PODS_ROOT}/Manifest.lock\" > /dev/null\nif [ $? != 0 ] ; then\n    # print error to STDERR\n    echo \"error: The sandbox is not in sync with the Podfile.lock. Run 'pod install' or update your CocoaPods installation.\" >&2\n    exit 1\nfi\n# This output is used by Xcode 'outputs' to avoid re-running this script phase.\necho \"SUCCESS\" > \"${SCRIPT_OUTPUT_FILE_0}\"\n";
			showEnvVarsInLog = 0;
		};
/* End PBXShellScriptBuildPhase section */

/* Begin PBXSourcesBuildPhase section */
		096BD03A2DD7C631005DF9BE /* Sources */ = {
			isa = PBXSourcesBuildPhase;
			buildActionMask = 2147483647;
			files = (
			);
			runOnlyForDeploymentPostprocessing = 0;
		};
/* End PBXSourcesBuildPhase section */

/* Begin XCBuildConfiguration section */
		096BD0432DD7C631005DF9BE /* Debug */ = {
			isa = XCBuildConfiguration;
			buildSettings = {
				ALWAYS_SEARCH_USER_PATHS = NO;
				ASSETCATALOG_COMPILER_GENERATE_SWIFT_ASSET_SYMBOL_EXTENSIONS = YES;
				CLANG_ANALYZER_NONNULL = YES;
				CLANG_ANALYZER_NUMBER_OBJECT_CONVERSION = YES_AGGRESSIVE;
				CLANG_CXX_LANGUAGE_STANDARD = "gnu++20";
				CLANG_ENABLE_MODULES = YES;
				CLANG_ENABLE_OBJC_ARC = YES;
				CLANG_ENABLE_OBJC_WEAK = YES;
				CLANG_WARN_BLOCK_CAPTURE_AUTORELEASING = YES;
				CLANG_WARN_BOOL_CONVERSION = YES;
				CLANG_WARN_COMMA = YES;
				CLANG_WARN_CONSTANT_CONVERSION = YES;
				CLANG_WARN_DEPRECATED_OBJC_IMPLEMENTATIONS = YES;
				CLANG_WARN_DIRECT_OBJC_ISA_USAGE = YES_ERROR;
				CLANG_WARN_DOCUMENTATION_COMMENTS = YES;
				CLANG_WARN_EMPTY_BODY = YES;
				CLANG_WARN_ENUM_CONVERSION = YES;
				CLANG_WARN_INFINITE_RECURSION = YES;
				CLANG_WARN_INT_CONVERSION = YES;
				CLANG_WARN_NON_LITERAL_NULL_CONVERSION = YES;
				CLANG_WARN_OBJC_IMPLICIT_RETAIN_SELF = YES;
				CLANG_WARN_OBJC_LITERAL_CONVERSION = YES;
				CLANG_WARN_OBJC_ROOT_CLASS = YES_ERROR;
				CLANG_WARN_QUOTED_INCLUDE_IN_FRAMEWORK_HEADER = YES;
				CLANG_WARN_RANGE_LOOP_ANALYSIS = YES;
				CLANG_WARN_STRICT_PROTOTYPES = YES;
				CLANG_WARN_SUSPICIOUS_MOVE = YES;
				CLANG_WARN_UNGUARDED_AVAILABILITY = YES_AGGRESSIVE;
				CLANG_WARN_UNREACHABLE_CODE = YES;
				CLANG_WARN__DUPLICATE_METHOD_MATCH = YES;
				COPY_PHASE_STRIP = NO;
				DEBUG_INFORMATION_FORMAT = dwarf;
				DEVELOPMENT_TEAM = P74F87H95T;
				ENABLE_STRICT_OBJC_MSGSEND = YES;
				ENABLE_TESTABILITY = YES;
				ENABLE_USER_SCRIPT_SANDBOXING = YES;
				GCC_C_LANGUAGE_STANDARD = gnu17;
				GCC_DYNAMIC_NO_PIC = NO;
				GCC_NO_COMMON_BLOCKS = YES;
				GCC_OPTIMIZATION_LEVEL = 0;
				GCC_PREPROCESSOR_DEFINITIONS = (
					"DEBUG=1",
					"$(inherited)",
				);
				GCC_WARN_64_TO_32_BIT_CONVERSION = YES;
				GCC_WARN_ABOUT_RETURN_TYPE = YES_ERROR;
				GCC_WARN_UNDECLARED_SELECTOR = YES;
				GCC_WARN_UNINITIALIZED_AUTOS = YES_AGGRESSIVE;
				GCC_WARN_UNUSED_FUNCTION = YES;
				GCC_WARN_UNUSED_VARIABLE = YES;
				LOCALIZATION_PREFERS_STRING_CATALOGS = YES;
				MACOSX_DEPLOYMENT_TARGET = 15.4;
				MTL_ENABLE_DEBUG_INFO = INCLUDE_SOURCE;
				MTL_FAST_MATH = YES;
				ONLY_ACTIVE_ARCH = YES;
				SDKROOT = macosx;
			};
			name = Debug;
		};
		096BD0442DD7C631005DF9BE /* Release */ = {
			isa = XCBuildConfiguration;
			buildSettings = {
				ALWAYS_SEARCH_USER_PATHS = NO;
				ASSETCATALOG_COMPILER_GENERATE_SWIFT_ASSET_SYMBOL_EXTENSIONS = YES;
				CLANG_ANALYZER_NONNULL = YES;
				CLANG_ANALYZER_NUMBER_OBJECT_CONVERSION = YES_AGGRESSIVE;
				CLANG_CXX_LANGUAGE_STANDARD = "gnu++20";
				CLANG_ENABLE_MODULES = YES;
				CLANG_ENABLE_OBJC_ARC = YES;
				CLANG_ENABLE_OBJC_WEAK = YES;
				CLANG_WARN_BLOCK_CAPTURE_AUTORELEASING = YES;
				CLANG_WARN_BOOL_CONVERSION = YES;
				CLANG_WARN_COMMA = YES;
				CLANG_WARN_CONSTANT_CONVERSION = YES;
				CLANG_WARN_DEPRECATED_OBJC_IMPLEMENTATIONS = YES;
				CLANG_WARN_DIRECT_OBJC_ISA_USAGE = YES_ERROR;
				CLANG_WARN_DOCUMENTATION_COMMENTS = YES;
				CLANG_WARN_EMPTY_BODY = YES;
				CLANG_WARN_ENUM_CONVERSION = YES;
				CLANG_WARN_INFINITE_RECURSION = YES;
				CLANG_WARN_INT_CONVERSION = YES;
				CLANG_WARN_NON_LITERAL_NULL_CONVERSION = YES;
				CLANG_WARN_OBJC_IMPLICIT_RETAIN_SELF = YES;
				CLANG_WARN_OBJC_LITERAL_CONVERSION = YES;
				CLANG_WARN_OBJC_ROOT_CLASS = YES_ERROR;
				CLANG_WARN_QUOTED_INCLUDE_IN_FRAMEWORK_HEADER = YES;
				CLANG_WARN_RANGE_LOOP_ANALYSIS = YES;
				CLANG_WARN_STRICT_PROTOTYPES = YES;
				CLANG_WARN_SUSPICIOUS_MOVE = YES;
				CLANG_WARN_UNGUARDED_AVAILABILITY = YES_AGGRESSIVE;
				CLANG_WARN_UNREACHABLE_CODE = YES;
				CLANG_WARN__DUPLICATE_METHOD_MATCH = YES;
				COPY_PHASE_STRIP = NO;
				DEBUG_INFORMATION_FORMAT = "dwarf-with-dsym";
				DEVELOPMENT_TEAM = P74F87H95T;
				ENABLE_NS_ASSERTIONS = NO;
				ENABLE_STRICT_OBJC_MSGSEND = YES;
				ENABLE_USER_SCRIPT_SANDBOXING = YES;
				GCC_C_LANGUAGE_STANDARD = gnu17;
				GCC_NO_COMMON_BLOCKS = YES;
				GCC_WARN_64_TO_32_BIT_CONVERSION = YES;
				GCC_WARN_ABOUT_RETURN_TYPE = YES_ERROR;
				GCC_WARN_UNDECLARED_SELECTOR = YES;
				GCC_WARN_UNINITIALIZED_AUTOS = YES_AGGRESSIVE;
				GCC_WARN_UNUSED_FUNCTION = YES;
				GCC_WARN_UNUSED_VARIABLE = YES;
				LOCALIZATION_PREFERS_STRING_CATALOGS = YES;
				MACOSX_DEPLOYMENT_TARGET = 15.4;
				MTL_ENABLE_DEBUG_INFO = NO;
				MTL_FAST_MATH = YES;
				ONLY_ACTIVE_ARCH = YES;
				SDKROOT = macosx;
			};
			name = Release;
		};
		096BD0462DD7C631005DF9BE /* Debug */ = {
			isa = XCBuildConfiguration;
			baseConfigurationReference = 8B01AA602C8CCD38A2364644 /* Pods-PSSODeviceIdQueryObjCApp.debug.xcconfig */;
			buildSettings = {
				CODE_SIGN_STYLE = Automatic;
				DEVELOPMENT_TEAM = P74F87H95T;
				ENABLE_HARDENED_RUNTIME = YES;
				"LIBRARY_SEARCH_PATHS[arch=*]" = "$(BUILT_PRODUCTS_DIR)/MSAL/";
				PRODUCT_NAME = "$(TARGET_NAME)";
			};
			name = Debug;
		};
		096BD0472DD7C631005DF9BE /* Release */ = {
			isa = XCBuildConfiguration;
			baseConfigurationReference = E8A31327B76E8F5108B713A7 /* Pods-PSSODeviceIdQueryObjCApp.release.xcconfig */;
			buildSettings = {
				CODE_SIGN_STYLE = Automatic;
				DEVELOPMENT_TEAM = P74F87H95T;
				ENABLE_HARDENED_RUNTIME = YES;
				"LIBRARY_SEARCH_PATHS[arch=*]" = "$(BUILT_PRODUCTS_DIR)/MSAL/";
				PRODUCT_NAME = "$(TARGET_NAME)";
			};
			name = Release;
		};
/* End XCBuildConfiguration section */

/* Begin XCConfigurationList section */
		096BD0392DD7C630005DF9BE /* Build configuration list for PBXProject "PSSODeviceIdQueryObjCApp" */ = {
			isa = XCConfigurationList;
			buildConfigurations = (
				096BD0432DD7C631005DF9BE /* Debug */,
				096BD0442DD7C631005DF9BE /* Release */,
			);
			defaultConfigurationIsVisible = 0;
			defaultConfigurationName = Release;
		};
		096BD0452DD7C631005DF9BE /* Build configuration list for PBXNativeTarget "PSSODeviceIdQueryObjCApp" */ = {
			isa = XCConfigurationList;
			buildConfigurations = (
				096BD0462DD7C631005DF9BE /* Debug */,
				096BD0472DD7C631005DF9BE /* Release */,
			);
			defaultConfigurationIsVisible = 0;
			defaultConfigurationName = Release;
		};
/* End XCConfigurationList section */
	};
	rootObject = 096BD0362DD7C630005DF9BE /* Project object */;
}
